{
  "version": "1",
  "sources": {
    "den": {
      "type": "GitHub",
      "fetchType": "tarball",
      "owner": "denful",
      "repo": "den",
      "branch": "main",
      "revision": "4f15fb43dd17a5ace3680cde297e31bc7e017c91",
      "url": "https://github.com/denful/den/archive/4f15fb43dd17a5ace3680cde297e31bc7e017c91.tar.gz",
      "hash": "sha256-zWghnHLAo5rrOxZZXA2E5rY+aEKx/MwVQzL5eCbexJc="
    },
    "home-manager": {
      "type": "GitHub",
      "fetchType": "tarball",
      "owner": "nix-community",
      "repo": "home-manager",
      "branch": "master",
      "revision": "1dc2d1f720ab17fc7981e087346bf54b26d284b1",
      "url": "https://github.com/nix-community/home-manager/archive/1dc2d1f720ab17fc7981e087346bf54b26d284b1.tar.gz",
      "hash": "sha256-G0F2rFORVcFkEvVdE/qWQTnYekIc77YP5/vRF9nZlxU="
    },
    "nixpkgs": {
      "type": "GitHub",
      "fetchType": "tarball",
      "owner": "nixos",
      "repo": "nixpkgs",
      "branch": "master",
      "revision": "35adf7a938f3189febd497330e2f1fe09b632a69",
      "url": "https://github.com/nixos/nixpkgs/archive/35adf7a938f3189febd497330e2f1fe09b632a69.tar.gz",
      "hash": "sha256-cZPb6rWoDLkSFBFVXT9iznDfWQwSRdP+YYukEVGPPFY="
    },
    "with-inputs": {
      "type": "GitHub",
      "fetchType": "tarball",
      "owner": "denful",
      "repo": "with-inputs",
      "branch": "main",
      "revision": "dae6b8126fe613bfe12185d94d593db426a34daa",
      "url": "https://github.com/denful/with-inputs/archive/dae6b8126fe613bfe12185d94d593db426a34daa.tar.gz",
      "hash": "sha256-ZPGmgcJX+xBAbA0edQC59ewoH56LhAqkH1Y/5KjV9J0="
    }
  }
}
